Microsoft Visual Studio Solution File, Format Version 12.00
# Visual Studio Version 16
VisualStudioVersion = 16.0.29911.84
MinimumVisualStudioVersion = 10.0.40219.1
Project("{E24C65DC-7377-472B-9ABA-BC803B73C61A}") = "wwwroot", "partfinder\", "{79B4FAE9-FCA0-4461-8AD8-D14B79AB67B7}"
	ProjectSection(WebsiteProperties) = preProject
		TargetFrameworkMoniker = ".NETFramework,Version%3Dv4.0"
		Debug.AspNetCompiler.VirtualPath = "/wwwroot"
		Debug.AspNetCompiler.PhysicalPath = "D:\partfinder\"
		Debug.AspNetCompiler.TargetPath = "PrecompiledWeb\partfinder\"
		Debug.AspNetCompiler.Updateable = "true"
		Debug.AspNetCompiler.ForceOverwrite = "true"
		Debug.AspNetCompiler.FixedNames = "false"
		Debug.AspNetCompiler.Debug = "True"
		Release.AspNetCompiler.VirtualPath = "/wwwroot"
		Release.AspNetCompiler.PhysicalPath = "D:\partfinder\"
		Release.AspNetCompiler.TargetPath = "PrecompiledWeb\partfinder\"
		Release.AspNetCompiler.Updateable = "true"
		Release.AspNetCompiler.ForceOverwrite = "true"
		Release.AspNetCompiler.FixedNames = "false"
		Release.AspNetCompiler.Debug = "False"
		VWDPort = "50264"
		VWDVirtualPath = "/"
	EndProjectSection
EndProject
Global
	GlobalSection(SolutionConfigurationPlatforms) = preSolution
		Debug|Any CPU = Debug|Any CPU
	EndGlobalSection
	GlobalSection(ProjectConfigurationPlatforms) = postSolution
		{79B4FAE9-FCA0-4461-8AD8-D14B79AB67B7}.Debug|Any CPU.ActiveCfg = Debug|Any CPU
		{79B4FAE9-FCA0-4461-8AD8-D14B79AB67B7}.Debug|Any CPU.Build.0 = Debug|Any CPU
	EndGlobalSection
	GlobalSection(SolutionProperties) = preSolution
		HideSolutionNode = FALSE
	EndGlobalSection
	GlobalSection(ExtensibilityGlobals) = postSolution
		SolutionGuid = {19B4392B-B1EC-49ED-95CD-97DBA0491405}
	EndGlobalSection
EndGlobal
